Microsoft Visual Studio Solution File, Format Version 12.00
# Visual Studio Version 16
VisualStudioVersion = 16.0.30523.141
MinimumVisualStudioVersion = 10.0.40219.1
Project("{9A19103F-16F7-4668-BE54-9A1E7A4F7556}") = "PortingAssistant.Api", "PortingAssistant.Api\PortingAssistant.Api.csproj", "{BD666D95-074C-4D31-969A-B62B5A3E0D1E}"
EndProject
Project("{9A19103F-16F7-4668-BE54-9A1E7A4F7556}") = "PortingAssistant.Common", "PortingAssistant.Common\PortingAssistant.Common.csproj", "{1F00D537-92AF-477D-B473-ED6C070E0A2C}"
EndProject
Project("{FAE04EC0-301F-11D3-BF4B-00C04F79EFBC}") = "PortingAssistant.VisualStudio", "PortingAssistant.VisualStudio\PortingAssistant.VisualStudio.csproj", "{69FD1BA3-249D-47D7-A2F1-B4FFAEA1D843}"
EndProject
Global
	GlobalSection(SolutionConfigurationPlatforms) = preSolution
		Debug|Any CPU = Debug|Any CPU
		Release|Any CPU = Release|Any CPU
	EndGlobalSection
	GlobalSection(ProjectConfigurationPlatforms) = postSolution
		{BD666D95-074C-4D31-969A-B62B5A3E0D1E}.Debug|Any CPU.ActiveCfg = Debug|Any CPU
		{BD666D95-074C-4D31-969A-B62B5A3E0D1E}.Debug|Any CPU.Build.0 = Debug|Any CPU
		{BD666D95-074C-4D31-969A-B62B5A3E0D1E}.Release|Any CPU.ActiveCfg = Release|Any CPU
		{BD666D95-074C-4D31-969A-B62B5A3E0D1E}.Release|Any CPU.Build.0 = Release|Any CPU
		{1F00D537-92AF-477D-B473-ED6C070E0A2C}.Debug|Any CPU.ActiveCfg = Debug|Any CPU
		{1F00D537-92AF-477D-B473-ED6C070E0A2C}.Debug|Any CPU.Build.0 = Debug|Any CPU
		{1F00D537-92AF-477D-B473-ED6C070E0A2C}.Release|Any CPU.ActiveCfg = Release|Any CPU
		{1F00D537-92AF-477D-B473-ED6C070E0A2C}.Release|Any CPU.Build.0 = Release|Any CPU
		{69FD1BA3-249D-47D7-A2F1-B4FFAEA1D843}.Debug|Any CPU.ActiveCfg = Debug|Any CPU
		{69FD1BA3-249D-47D7-A2F1-B4FFAEA1D843}.Debug|Any CPU.Build.0 = Debug|Any CPU
		{69FD1BA3-249D-47D7-A2F1-B4FFAEA1D843}.Release|Any CPU.ActiveCfg = Release|Any CPU
		{69FD1BA3-249D-47D7-A2F1-B4FFAEA1D843}.Release|Any CPU.Build.0 = Release|Any CPU
	EndGlobalSection
	GlobalSection(SolutionProperties) = preSolution
		HideSolutionNode = FALSE
	EndGlobalSection
	GlobalSection(ExtensibilityGlobals) = postSolution
		SolutionGuid = {B2D34877-2C69-403A-9BE0-5A1CCBAF82A5}
	EndGlobalSection
EndGlobal
