Microsoft Visual Studio Solution File, Format Version 12.00
# Visual Studio Version 17
VisualStudioVersion = 17.4.33103.184
MinimumVisualStudioVersion = 10.0.40219.1
Project("{9A19103F-16F7-4668-BE54-9A1E7A4F7556}") = "PortingAssistant.Api", "PortingAssistant.Api\PortingAssistant.Api.csproj", "{BD666D95-074C-4D31-969A-B62B5A3E0D1E}"
EndProject
Project("{9A19103F-16F7-4668-BE54-9A1E7A4F7556}") = "PortingAssistant.Common", "PortingAssistant.Common\PortingAssistant.Common.csproj", "{1F00D537-92AF-477D-B473-ED6C070E0A2C}"
EndProject
Project("{9A19103F-16F7-4668-BE54-9A1E7A4F7556}") = "PortingAssistant.VisualStudio", "PortingAssistant.VisualStudio\PortingAssistant.VisualStudio.csproj", "{69FD1BA3-249D-47D7-A2F1-B4FFAEA1D843}"
EndProject
Project("{9A19103F-16F7-4668-BE54-9A1E7A4F7556}") = "PortingAssistant.Telemetry", "PortingAssistant.Telemetry\PortingAssistant.Telemetry.csproj", "{62735503-D19D-4BFC-8745-4B655B30853A}"
EndProject
Project("{9A19103F-16F7-4668-BE54-9A1E7A4F7556}") = "PortingAssistant.UnitTests", "PortingAssistant.UnitTests\PortingAssistant.UnitTests.csproj", "{FE5131FE-F1E2-4236-B0B6-224325A73832}"
EndProject
Project("{9A19103F-16F7-4668-BE54-9A1E7A4F7556}") = "PortingAssistant.Client.CLI", "..\..\..\..\porting-assistant-dotnet-client\src\PortingAssistant.Client\PortingAssistant.Client.CLI.csproj", "{C9B57C45-BB8D-4FC0-915A-98F6913F5517}"
EndProject
Project("{2150E333-8FDC-42A3-9474-1A3956D46DE8}") = "Client", "Client", "{FEB72091-9605-44C5-9F6F-EBE4A058B1BD}"
EndProject
Project("{9A19103F-16F7-4668-BE54-9A1E7A4F7556}") = "PortingAssistant.Client.Telemetry", "..\..\..\..\porting-assistant-dotnet-client\src\PortingAssistant.Client.Telemetry\PortingAssistant.Client.Telemetry.csproj", "{E272BEBD-207A-4713-8650-D6D9D7F7CAAD}"
EndProject
Project("{9A19103F-16F7-4668-BE54-9A1E7A4F7556}") = "PortingAssistant.Client.Client", "..\..\..\..\porting-assistant-dotnet-client\src\PortingAssistant.Client.Client\PortingAssistant.Client.Client.csproj", "{306EDCCB-FEF8-4E26-9D91-280315E2159C}"
EndProject
Project("{9A19103F-16F7-4668-BE54-9A1E7A4F7556}") = "PortingAssistant.Client.Common", "..\..\..\..\porting-assistant-dotnet-client\src\PortingAssistant.Client.Common\PortingAssistant.Client.Common.csproj", "{B7772BB0-CEC0-49BC-9A43-4275FF34FED2}"
EndProject
Project("{9A19103F-16F7-4668-BE54-9A1E7A4F7556}") = "PortingAssistant.Client.Analysis", "..\..\..\..\porting-assistant-dotnet-client\src\PortingAssistant.Client.Analysis\PortingAssistant.Client.Analysis.csproj", "{53452603-80E2-4DCE-AEEA-F1070B38F41B}"
EndProject
Project("{2150E333-8FDC-42A3-9474-1A3956D46DE8}") = "Codelyzer", "Codelyzer", "{2CA670B7-52E5-496B-AC39-54839E22458C}"
EndProject
Project("{9A19103F-16F7-4668-BE54-9A1E7A4F7556}") = "Codelyzer.Analysis", "..\..\..\..\codelyzer\src\Analysis\Codelyzer.Analysis\Codelyzer.Analysis.csproj", "{547E8643-4576-4C91-B80C-4E02EAC98C2F}"
EndProject
Project("{9A19103F-16F7-4668-BE54-9A1E7A4F7556}") = "Codelyzer.Analysis.Build", "..\..\..\..\codelyzer\src\Analysis\Codelyzer.Analysis.Build\Codelyzer.Analysis.Build.csproj", "{77AB6B73-38B0-4B44-8743-37B7F26F616F}"
EndProject
Project("{9A19103F-16F7-4668-BE54-9A1E7A4F7556}") = "Codelyzer.Analysis.Common", "..\..\..\..\codelyzer\src\Analysis\Codelyzer.Analysis.Common\Codelyzer.Analysis.Common.csproj", "{C9B1E89D-06D2-4617-A0F5-A7FB83730B52}"
EndProject
Project("{9A19103F-16F7-4668-BE54-9A1E7A4F7556}") = "Codelyzer.Analysis.CSharp", "..\..\..\..\codelyzer\src\Analysis\Codelyzer.Analysis.CSharp\Codelyzer.Analysis.CSharp.csproj", "{E2FA4F30-ACAE-4D0B-A97F-B173E6B98112}"
EndProject
Project("{9A19103F-16F7-4668-BE54-9A1E7A4F7556}") = "Codelyzer.Analysis.Model", "..\..\..\..\codelyzer\src\Analysis\Codelyzer.Analysis.Model\Codelyzer.Analysis.Model.csproj", "{5BE798DB-D118-4822-8211-FFA32D6DA265}"
EndProject
Project("{9A19103F-16F7-4668-BE54-9A1E7A4F7556}") = "Codelyzer.Analysis.VisualBasic", "..\..\..\..\codelyzer\src\Analysis\Codelyzer.Analysis.VisualBasic\Codelyzer.Analysis.VisualBasic.csproj", "{05E1752C-874E-4906-B360-238616F23D9A}"
EndProject
Project("{2150E333-8FDC-42A3-9474-1A3956D46DE8}") = "CTA", "CTA", "{08D848BA-4DD6-4974-9754-D0001FB3DD7E}"
EndProject
Project("{9A19103F-16F7-4668-BE54-9A1E7A4F7556}") = "CTA.FeatureDetection", "..\..\..\..\cta\src\CTA.FeatureDetection\CTA.FeatureDetection.csproj", "{D7A39E09-86B6-4832-924A-4B4A09C84E2D}"
EndProject
Project("{9A19103F-16F7-4668-BE54-9A1E7A4F7556}") = "CTA.Rules.Common", "..\..\..\..\cta\src\CTA.Rules.Common\CTA.Rules.Common.csproj", "{E9FC5BA6-6F2F-4D2C-BE04-6F2FEA592873}"
EndProject
Project("{9A19103F-16F7-4668-BE54-9A1E7A4F7556}") = "CTA.Rules.PortCore", "..\..\..\..\cta\src\CTA.Rules.PortCore\CTA.Rules.PortCore.csproj", "{8E131483-9DD1-437D-B817-55B378919115}"
EndProject
Project("{9A19103F-16F7-4668-BE54-9A1E7A4F7556}") = "CTA.FeatureDetection.AuthType", "..\..\..\..\cta\src\CTA.FeatureDetection.AuthType\CTA.FeatureDetection.AuthType.csproj", "{09FABEB4-83E4-492E-894D-2920CCEB8C5C}"
EndProject
Project("{9A19103F-16F7-4668-BE54-9A1E7A4F7556}") = "CTA.FeatureDetection.Common", "..\..\..\..\cta\src\CTA.FeatureDetection.Common\CTA.FeatureDetection.Common.csproj", "{FC71B2CC-4160-49F7-B65F-CC1E5EF74E4F}"
EndProject
Project("{9A19103F-16F7-4668-BE54-9A1E7A4F7556}") = "CTA.FeatureDetection.Load", "..\..\..\..\cta\src\CTA.FeatureDetection.Load\CTA.FeatureDetection.Load.csproj", "{B9A29F05-5A47-4C67-A865-6A86419915AB}"
EndProject
Project("{9A19103F-16F7-4668-BE54-9A1E7A4F7556}") = "CTA.FeatureDetection.ProjectType", "..\..\..\..\cta\src\CTA.FeatureDetection.ProjectType\CTA.FeatureDetection.ProjectType.csproj", "{35A28B0A-1963-4042-A992-A7F36097645F}"
EndProject
Project("{9A19103F-16F7-4668-BE54-9A1E7A4F7556}") = "CTA.Rules.Actions", "..\..\..\..\cta\src\CTA.Rules.Actions\CTA.Rules.Actions.csproj", "{974D3F27-2E57-43EB-8731-F446637615DC}"
EndProject
Project("{9A19103F-16F7-4668-BE54-9A1E7A4F7556}") = "CTA.Rules.Analysis", "..\..\..\..\cta\src\CTA.Rules.Analysis\CTA.Rules.Analysis.csproj", "{F11547C3-016B-4380-8D8A-9C6E48A6DE82}"
EndProject
Project("{9A19103F-16F7-4668-BE54-9A1E7A4F7556}") = "CTA.Rules.Config", "..\..\..\..\cta\src\CTA.Rules.Config\CTA.Rules.Config.csproj", "{9A4D1AF2-8131-42A2-801C-EDB8FB714C82}"
EndProject
Project("{9A19103F-16F7-4668-BE54-9A1E7A4F7556}") = "CTA.Rules.Metrics", "..\..\..\..\cta\src\CTA.Rules.Metrics\CTA.Rules.Metrics.csproj", "{60592611-BF17-47F6-8DF9-14BA213E70B5}"
EndProject
Project("{9A19103F-16F7-4668-BE54-9A1E7A4F7556}") = "CTA.Rules.Models", "..\..\..\..\cta\src\CTA.Rules.Models\CTA.Rules.Models.csproj", "{B1D33C77-31DA-4F33-82CE-C4BD65BB9A8A}"
EndProject
Project("{9A19103F-16F7-4668-BE54-9A1E7A4F7556}") = "CTA.Rules.ProjectFile", "..\..\..\..\cta\src\CTA.Rules.ProjectFile\CTA.Rules.ProjectFile.csproj", "{3BE2EBDD-1BC8-4D15-AE7C-EBE7E0F2F7DE}"
EndProject
Project("{9A19103F-16F7-4668-BE54-9A1E7A4F7556}") = "CTA.Rules.ProjectStructure", "..\..\..\..\cta\src\CTA.Rules.ProjectStructure\CTA.Rules.ProjectStructure.csproj", "{A67857E9-F6C4-4071-AE62-B23AFB68CCBA}"
EndProject
Project("{9A19103F-16F7-4668-BE54-9A1E7A4F7556}") = "CTA.Rules.RuleFiles", "..\..\..\..\cta\src\CTA.Rules.RuleFiles\CTA.Rules.RuleFiles.csproj", "{6AA5960E-83F2-445B-A5C7-A82E47B8802B}"
EndProject
Project("{9A19103F-16F7-4668-BE54-9A1E7A4F7556}") = "CTA.Rules.Update", "..\..\..\..\cta\src\CTA.Rules.Update\CTA.Rules.Update.csproj", "{BA593BBA-5217-489E-B2FC-FD82F6082A03}"
EndProject
Project("{9A19103F-16F7-4668-BE54-9A1E7A4F7556}") = "CTA.WebForms", "..\..\..\..\cta\src\CTA.WebForms\CTA.WebForms.csproj", "{56330A3F-E701-437A-9844-ECC04C6FA9C1}"
EndProject
Global
	GlobalSection(SolutionConfigurationPlatforms) = preSolution
		Debug|Any CPU = Debug|Any CPU
		Release|Any CPU = Release|Any CPU
	EndGlobalSection
	GlobalSection(ProjectConfigurationPlatforms) = postSolution
		{BD666D95-074C-4D31-969A-B62B5A3E0D1E}.Debug|Any CPU.ActiveCfg = Debug|Any CPU
		{BD666D95-074C-4D31-969A-B62B5A3E0D1E}.Debug|Any CPU.Build.0 = Debug|Any CPU
		{BD666D95-074C-4D31-969A-B62B5A3E0D1E}.Release|Any CPU.ActiveCfg = Release|Any CPU
		{BD666D95-074C-4D31-969A-B62B5A3E0D1E}.Release|Any CPU.Build.0 = Release|Any CPU
		{1F00D537-92AF-477D-B473-ED6C070E0A2C}.Debug|Any CPU.ActiveCfg = Debug|Any CPU
		{1F00D537-92AF-477D-B473-ED6C070E0A2C}.Debug|Any CPU.Build.0 = Debug|Any CPU
		{1F00D537-92AF-477D-B473-ED6C070E0A2C}.Release|Any CPU.ActiveCfg = Release|Any CPU
		{1F00D537-92AF-477D-B473-ED6C070E0A2C}.Release|Any CPU.Build.0 = Release|Any CPU
		{69FD1BA3-249D-47D7-A2F1-B4FFAEA1D843}.Debug|Any CPU.ActiveCfg = Debug|Any CPU
		{69FD1BA3-249D-47D7-A2F1-B4FFAEA1D843}.Debug|Any CPU.Build.0 = Debug|Any CPU
		{69FD1BA3-249D-47D7-A2F1-B4FFAEA1D843}.Release|Any CPU.ActiveCfg = Release|Any CPU
		{69FD1BA3-249D-47D7-A2F1-B4FFAEA1D843}.Release|Any CPU.Build.0 = Release|Any CPU
		{62735503-D19D-4BFC-8745-4B655B30853A}.Debug|Any CPU.ActiveCfg = Debug|Any CPU
		{62735503-D19D-4BFC-8745-4B655B30853A}.Debug|Any CPU.Build.0 = Debug|Any CPU
		{62735503-D19D-4BFC-8745-4B655B30853A}.Release|Any CPU.ActiveCfg = Release|Any CPU
		{62735503-D19D-4BFC-8745-4B655B30853A}.Release|Any CPU.Build.0 = Release|Any CPU
		{FE5131FE-F1E2-4236-B0B6-224325A73832}.Debug|Any CPU.ActiveCfg = Debug|Any CPU
		{FE5131FE-F1E2-4236-B0B6-224325A73832}.Debug|Any CPU.Build.0 = Debug|Any CPU
		{FE5131FE-F1E2-4236-B0B6-224325A73832}.Release|Any CPU.ActiveCfg = Release|Any CPU
		{FE5131FE-F1E2-4236-B0B6-224325A73832}.Release|Any CPU.Build.0 = Release|Any CPU
		{C9B57C45-BB8D-4FC0-915A-98F6913F5517}.Debug|Any CPU.ActiveCfg = Debug|Any CPU
		{C9B57C45-BB8D-4FC0-915A-98F6913F5517}.Debug|Any CPU.Build.0 = Debug|Any CPU
		{C9B57C45-BB8D-4FC0-915A-98F6913F5517}.Release|Any CPU.ActiveCfg = Release|Any CPU
		{C9B57C45-BB8D-4FC0-915A-98F6913F5517}.Release|Any CPU.Build.0 = Release|Any CPU
		{E272BEBD-207A-4713-8650-D6D9D7F7CAAD}.Debug|Any CPU.ActiveCfg = Debug|Any CPU
		{E272BEBD-207A-4713-8650-D6D9D7F7CAAD}.Debug|Any CPU.Build.0 = Debug|Any CPU
		{E272BEBD-207A-4713-8650-D6D9D7F7CAAD}.Release|Any CPU.ActiveCfg = Release|Any CPU
		{E272BEBD-207A-4713-8650-D6D9D7F7CAAD}.Release|Any CPU.Build.0 = Release|Any CPU
		{306EDCCB-FEF8-4E26-9D91-280315E2159C}.Debug|Any CPU.ActiveCfg = Debug|Any CPU
		{306EDCCB-FEF8-4E26-9D91-280315E2159C}.Debug|Any CPU.Build.0 = Debug|Any CPU
		{306EDCCB-FEF8-4E26-9D91-280315E2159C}.Release|Any CPU.ActiveCfg = Release|Any CPU
		{306EDCCB-FEF8-4E26-9D91-280315E2159C}.Release|Any CPU.Build.0 = Release|Any CPU
		{B7772BB0-CEC0-49BC-9A43-4275FF34FED2}.Debug|Any CPU.ActiveCfg = Debug|Any CPU
		{B7772BB0-CEC0-49BC-9A43-4275FF34FED2}.Debug|Any CPU.Build.0 = Debug|Any CPU
		{B7772BB0-CEC0-49BC-9A43-4275FF34FED2}.Release|Any CPU.ActiveCfg = Release|Any CPU
		{B7772BB0-CEC0-49BC-9A43-4275FF34FED2}.Release|Any CPU.Build.0 = Release|Any CPU
		{53452603-80E2-4DCE-AEEA-F1070B38F41B}.Debug|Any CPU.ActiveCfg = Debug|Any CPU
		{53452603-80E2-4DCE-AEEA-F1070B38F41B}.Debug|Any CPU.Build.0 = Debug|Any CPU
		{53452603-80E2-4DCE-AEEA-F1070B38F41B}.Release|Any CPU.ActiveCfg = Release|Any CPU
		{53452603-80E2-4DCE-AEEA-F1070B38F41B}.Release|Any CPU.Build.0 = Release|Any CPU
		{547E8643-4576-4C91-B80C-4E02EAC98C2F}.Debug|Any CPU.ActiveCfg = Debug|Any CPU
		{547E8643-4576-4C91-B80C-4E02EAC98C2F}.Debug|Any CPU.Build.0 = Debug|Any CPU
		{547E8643-4576-4C91-B80C-4E02EAC98C2F}.Release|Any CPU.ActiveCfg = Release|Any CPU
		{547E8643-4576-4C91-B80C-4E02EAC98C2F}.Release|Any CPU.Build.0 = Release|Any CPU
		{77AB6B73-38B0-4B44-8743-37B7F26F616F}.Debug|Any CPU.ActiveCfg = Debug|Any CPU
		{77AB6B73-38B0-4B44-8743-37B7F26F616F}.Debug|Any CPU.Build.0 = Debug|Any CPU
		{77AB6B73-38B0-4B44-8743-37B7F26F616F}.Release|Any CPU.ActiveCfg = Release|Any CPU
		{77AB6B73-38B0-4B44-8743-37B7F26F616F}.Release|Any CPU.Build.0 = Release|Any CPU
		{C9B1E89D-06D2-4617-A0F5-A7FB83730B52}.Debug|Any CPU.ActiveCfg = Debug|Any CPU
		{C9B1E89D-06D2-4617-A0F5-A7FB83730B52}.Debug|Any CPU.Build.0 = Debug|Any CPU
		{C9B1E89D-06D2-4617-A0F5-A7FB83730B52}.Release|Any CPU.ActiveCfg = Release|Any CPU
		{C9B1E89D-06D2-4617-A0F5-A7FB83730B52}.Release|Any CPU.Build.0 = Release|Any CPU
		{E2FA4F30-ACAE-4D0B-A97F-B173E6B98112}.Debug|Any CPU.ActiveCfg = Debug|Any CPU
		{E2FA4F30-ACAE-4D0B-A97F-B173E6B98112}.Debug|Any CPU.Build.0 = Debug|Any CPU
		{E2FA4F30-ACAE-4D0B-A97F-B173E6B98112}.Release|Any CPU.ActiveCfg = Release|Any CPU
		{E2FA4F30-ACAE-4D0B-A97F-B173E6B98112}.Release|Any CPU.Build.0 = Release|Any CPU
		{5BE798DB-D118-4822-8211-FFA32D6DA265}.Debug|Any CPU.ActiveCfg = Debug|Any CPU
		{5BE798DB-D118-4822-8211-FFA32D6DA265}.Debug|Any CPU.Build.0 = Debug|Any CPU
		{5BE798DB-D118-4822-8211-FFA32D6DA265}.Release|Any CPU.ActiveCfg = Release|Any CPU
		{5BE798DB-D118-4822-8211-FFA32D6DA265}.Release|Any CPU.Build.0 = Release|Any CPU
		{05E1752C-874E-4906-B360-238616F23D9A}.Debug|Any CPU.ActiveCfg = Debug|Any CPU
		{05E1752C-874E-4906-B360-238616F23D9A}.Debug|Any CPU.Build.0 = Debug|Any CPU
		{05E1752C-874E-4906-B360-238616F23D9A}.Release|Any CPU.ActiveCfg = Release|Any CPU
		{05E1752C-874E-4906-B360-238616F23D9A}.Release|Any CPU.Build.0 = Release|Any CPU
		{D7A39E09-86B6-4832-924A-4B4A09C84E2D}.Debug|Any CPU.ActiveCfg = Debug|Any CPU
		{D7A39E09-86B6-4832-924A-4B4A09C84E2D}.Debug|Any CPU.Build.0 = Debug|Any CPU
		{D7A39E09-86B6-4832-924A-4B4A09C84E2D}.Release|Any CPU.ActiveCfg = Release|Any CPU
		{D7A39E09-86B6-4832-924A-4B4A09C84E2D}.Release|Any CPU.Build.0 = Release|Any CPU
		{E9FC5BA6-6F2F-4D2C-BE04-6F2FEA592873}.Debug|Any CPU.ActiveCfg = Debug|Any CPU
		{E9FC5BA6-6F2F-4D2C-BE04-6F2FEA592873}.Debug|Any CPU.Build.0 = Debug|Any CPU
		{E9FC5BA6-6F2F-4D2C-BE04-6F2FEA592873}.Release|Any CPU.ActiveCfg = Release|Any CPU
		{E9FC5BA6-6F2F-4D2C-BE04-6F2FEA592873}.Release|Any CPU.Build.0 = Release|Any CPU
		{8E131483-9DD1-437D-B817-55B378919115}.Debug|Any CPU.ActiveCfg = Debug|Any CPU
		{8E131483-9DD1-437D-B817-55B378919115}.Debug|Any CPU.Build.0 = Debug|Any CPU
		{8E131483-9DD1-437D-B817-55B378919115}.Release|Any CPU.ActiveCfg = Release|Any CPU
		{8E131483-9DD1-437D-B817-55B378919115}.Release|Any CPU.Build.0 = Release|Any CPU
		{09FABEB4-83E4-492E-894D-2920CCEB8C5C}.Debug|Any CPU.ActiveCfg = Debug|Any CPU
		{09FABEB4-83E4-492E-894D-2920CCEB8C5C}.Debug|Any CPU.Build.0 = Debug|Any CPU
		{09FABEB4-83E4-492E-894D-2920CCEB8C5C}.Release|Any CPU.ActiveCfg = Release|Any CPU
		{09FABEB4-83E4-492E-894D-2920CCEB8C5C}.Release|Any CPU.Build.0 = Release|Any CPU
		{FC71B2CC-4160-49F7-B65F-CC1E5EF74E4F}.Debug|Any CPU.ActiveCfg = Debug|Any CPU
		{FC71B2CC-4160-49F7-B65F-CC1E5EF74E4F}.Debug|Any CPU.Build.0 = Debug|Any CPU
		{FC71B2CC-4160-49F7-B65F-CC1E5EF74E4F}.Release|Any CPU.ActiveCfg = Release|Any CPU
		{FC71B2CC-4160-49F7-B65F-CC1E5EF74E4F}.Release|Any CPU.Build.0 = Release|Any CPU
		{B9A29F05-5A47-4C67-A865-6A86419915AB}.Debug|Any CPU.ActiveCfg = Debug|Any CPU
		{B9A29F05-5A47-4C67-A865-6A86419915AB}.Debug|Any CPU.Build.0 = Debug|Any CPU
		{B9A29F05-5A47-4C67-A865-6A86419915AB}.Release|Any CPU.ActiveCfg = Release|Any CPU
		{B9A29F05-5A47-4C67-A865-6A86419915AB}.Release|Any CPU.Build.0 = Release|Any CPU
		{35A28B0A-1963-4042-A992-A7F36097645F}.Debug|Any CPU.ActiveCfg = Debug|Any CPU
		{35A28B0A-1963-4042-A992-A7F36097645F}.Debug|Any CPU.Build.0 = Debug|Any CPU
		{35A28B0A-1963-4042-A992-A7F36097645F}.Release|Any CPU.ActiveCfg = Release|Any CPU
		{35A28B0A-1963-4042-A992-A7F36097645F}.Release|Any CPU.Build.0 = Release|Any CPU
		{974D3F27-2E57-43EB-8731-F446637615DC}.Debug|Any CPU.ActiveCfg = Debug|Any CPU
		{974D3F27-2E57-43EB-8731-F446637615DC}.Debug|Any CPU.Build.0 = Debug|Any CPU
		{974D3F27-2E57-43EB-8731-F446637615DC}.Release|Any CPU.ActiveCfg = Release|Any CPU
		{974D3F27-2E57-43EB-8731-F446637615DC}.Release|Any CPU.Build.0 = Release|Any CPU
		{F11547C3-016B-4380-8D8A-9C6E48A6DE82}.Debug|Any CPU.ActiveCfg = Debug|Any CPU
		{F11547C3-016B-4380-8D8A-9C6E48A6DE82}.Debug|Any CPU.Build.0 = Debug|Any CPU
		{F11547C3-016B-4380-8D8A-9C6E48A6DE82}.Release|Any CPU.ActiveCfg = Release|Any CPU
		{F11547C3-016B-4380-8D8A-9C6E48A6DE82}.Release|Any CPU.Build.0 = Release|Any CPU
		{9A4D1AF2-8131-42A2-801C-EDB8FB714C82}.Debug|Any CPU.ActiveCfg = Debug|Any CPU
		{9A4D1AF2-8131-42A2-801C-EDB8FB714C82}.Debug|Any CPU.Build.0 = Debug|Any CPU
		{9A4D1AF2-8131-42A2-801C-EDB8FB714C82}.Release|Any CPU.ActiveCfg = Release|Any CPU
		{9A4D1AF2-8131-42A2-801C-EDB8FB714C82}.Release|Any CPU.Build.0 = Release|Any CPU
		{60592611-BF17-47F6-8DF9-14BA213E70B5}.Debug|Any CPU.ActiveCfg = Debug|Any CPU
		{60592611-BF17-47F6-8DF9-14BA213E70B5}.Debug|Any CPU.Build.0 = Debug|Any CPU
		{60592611-BF17-47F6-8DF9-14BA213E70B5}.Release|Any CPU.ActiveCfg = Release|Any CPU
		{60592611-BF17-47F6-8DF9-14BA213E70B5}.Release|Any CPU.Build.0 = Release|Any CPU
		{B1D33C77-31DA-4F33-82CE-C4BD65BB9A8A}.Debug|Any CPU.ActiveCfg = Debug|Any CPU
		{B1D33C77-31DA-4F33-82CE-C4BD65BB9A8A}.Debug|Any CPU.Build.0 = Debug|Any CPU
		{B1D33C77-31DA-4F33-82CE-C4BD65BB9A8A}.Release|Any CPU.ActiveCfg = Release|Any CPU
		{B1D33C77-31DA-4F33-82CE-C4BD65BB9A8A}.Release|Any CPU.Build.0 = Release|Any CPU
		{3BE2EBDD-1BC8-4D15-AE7C-EBE7E0F2F7DE}.Debug|Any CPU.ActiveCfg = Debug|Any CPU
		{3BE2EBDD-1BC8-4D15-AE7C-EBE7E0F2F7DE}.Debug|Any CPU.Build.0 = Debug|Any CPU
		{3BE2EBDD-1BC8-4D15-AE7C-EBE7E0F2F7DE}.Release|Any CPU.ActiveCfg = Release|Any CPU
		{3BE2EBDD-1BC8-4D15-AE7C-EBE7E0F2F7DE}.Release|Any CPU.Build.0 = Release|Any CPU
		{A67857E9-F6C4-4071-AE62-B23AFB68CCBA}.Debug|Any CPU.ActiveCfg = Debug|Any CPU
		{A67857E9-F6C4-4071-AE62-B23AFB68CCBA}.Debug|Any CPU.Build.0 = Debug|Any CPU
		{A67857E9-F6C4-4071-AE62-B23AFB68CCBA}.Release|Any CPU.ActiveCfg = Release|Any CPU
		{A67857E9-F6C4-4071-AE62-B23AFB68CCBA}.Release|Any CPU.Build.0 = Release|Any CPU
		{6AA5960E-83F2-445B-A5C7-A82E47B8802B}.Debug|Any CPU.ActiveCfg = Debug|Any CPU
		{6AA5960E-83F2-445B-A5C7-A82E47B8802B}.Debug|Any CPU.Build.0 = Debug|Any CPU
		{6AA5960E-83F2-445B-A5C7-A82E47B8802B}.Release|Any CPU.ActiveCfg = Release|Any CPU
		{6AA5960E-83F2-445B-A5C7-A82E47B8802B}.Release|Any CPU.Build.0 = Release|Any CPU
		{BA593BBA-5217-489E-B2FC-FD82F6082A03}.Debug|Any CPU.ActiveCfg = Debug|Any CPU
		{BA593BBA-5217-489E-B2FC-FD82F6082A03}.Debug|Any CPU.Build.0 = Debug|Any CPU
		{BA593BBA-5217-489E-B2FC-FD82F6082A03}.Release|Any CPU.ActiveCfg = Release|Any CPU
		{BA593BBA-5217-489E-B2FC-FD82F6082A03}.Release|Any CPU.Build.0 = Release|Any CPU
		{56330A3F-E701-437A-9844-ECC04C6FA9C1}.Debug|Any CPU.ActiveCfg = Debug|Any CPU
		{56330A3F-E701-437A-9844-ECC04C6FA9C1}.Debug|Any CPU.Build.0 = Debug|Any CPU
		{56330A3F-E701-437A-9844-ECC04C6FA9C1}.Release|Any CPU.ActiveCfg = Release|Any CPU
		{56330A3F-E701-437A-9844-ECC04C6FA9C1}.Release|Any CPU.Build.0 = Release|Any CPU
	EndGlobalSection
	GlobalSection(SolutionProperties) = preSolution
		HideSolutionNode = FALSE
	EndGlobalSection
	GlobalSection(NestedProjects) = preSolution
		{C9B57C45-BB8D-4FC0-915A-98F6913F5517} = {FEB72091-9605-44C5-9F6F-EBE4A058B1BD}
		{E272BEBD-207A-4713-8650-D6D9D7F7CAAD} = {FEB72091-9605-44C5-9F6F-EBE4A058B1BD}
		{306EDCCB-FEF8-4E26-9D91-280315E2159C} = {FEB72091-9605-44C5-9F6F-EBE4A058B1BD}
		{B7772BB0-CEC0-49BC-9A43-4275FF34FED2} = {FEB72091-9605-44C5-9F6F-EBE4A058B1BD}
		{53452603-80E2-4DCE-AEEA-F1070B38F41B} = {FEB72091-9605-44C5-9F6F-EBE4A058B1BD}
		{547E8643-4576-4C91-B80C-4E02EAC98C2F} = {2CA670B7-52E5-496B-AC39-54839E22458C}
		{77AB6B73-38B0-4B44-8743-37B7F26F616F} = {2CA670B7-52E5-496B-AC39-54839E22458C}
		{C9B1E89D-06D2-4617-A0F5-A7FB83730B52} = {2CA670B7-52E5-496B-AC39-54839E22458C}
		{E2FA4F30-ACAE-4D0B-A97F-B173E6B98112} = {2CA670B7-52E5-496B-AC39-54839E22458C}
		{5BE798DB-D118-4822-8211-FFA32D6DA265} = {2CA670B7-52E5-496B-AC39-54839E22458C}
		{05E1752C-874E-4906-B360-238616F23D9A} = {2CA670B7-52E5-496B-AC39-54839E22458C}
		{D7A39E09-86B6-4832-924A-4B4A09C84E2D} = {08D848BA-4DD6-4974-9754-D0001FB3DD7E}
		{E9FC5BA6-6F2F-4D2C-BE04-6F2FEA592873} = {08D848BA-4DD6-4974-9754-D0001FB3DD7E}
		{8E131483-9DD1-437D-B817-55B378919115} = {08D848BA-4DD6-4974-9754-D0001FB3DD7E}
		{09FABEB4-83E4-492E-894D-2920CCEB8C5C} = {08D848BA-4DD6-4974-9754-D0001FB3DD7E}
		{FC71B2CC-4160-49F7-B65F-CC1E5EF74E4F} = {08D848BA-4DD6-4974-9754-D0001FB3DD7E}
		{B9A29F05-5A47-4C67-A865-6A86419915AB} = {08D848BA-4DD6-4974-9754-D0001FB3DD7E}
		{35A28B0A-1963-4042-A992-A7F36097645F} = {08D848BA-4DD6-4974-9754-D0001FB3DD7E}
		{974D3F27-2E57-43EB-8731-F446637615DC} = {08D848BA-4DD6-4974-9754-D0001FB3DD7E}
		{F11547C3-016B-4380-8D8A-9C6E48A6DE82} = {08D848BA-4DD6-4974-9754-D0001FB3DD7E}
		{9A4D1AF2-8131-42A2-801C-EDB8FB714C82} = {08D848BA-4DD6-4974-9754-D0001FB3DD7E}
		{60592611-BF17-47F6-8DF9-14BA213E70B5} = {08D848BA-4DD6-4974-9754-D0001FB3DD7E}
		{B1D33C77-31DA-4F33-82CE-C4BD65BB9A8A} = {08D848BA-4DD6-4974-9754-D0001FB3DD7E}
		{3BE2EBDD-1BC8-4D15-AE7C-EBE7E0F2F7DE} = {08D848BA-4DD6-4974-9754-D0001FB3DD7E}
		{A67857E9-F6C4-4071-AE62-B23AFB68CCBA} = {08D848BA-4DD6-4974-9754-D0001FB3DD7E}
		{6AA5960E-83F2-445B-A5C7-A82E47B8802B} = {08D848BA-4DD6-4974-9754-D0001FB3DD7E}
		{BA593BBA-5217-489E-B2FC-FD82F6082A03} = {08D848BA-4DD6-4974-9754-D0001FB3DD7E}
		{56330A3F-E701-437A-9844-ECC04C6FA9C1} = {08D848BA-4DD6-4974-9754-D0001FB3DD7E}
	EndGlobalSection
	GlobalSection(ExtensibilityGlobals) = postSolution
		SolutionGuid = {B2D34877-2C69-403A-9BE0-5A1CCBAF82A5}
	EndGlobalSection
EndGlobal
